
Microsoft Visual Studio Solution File, Format Version 12.00
# Visual Studio 15
VisualStudioVersion = 15.0.27703.2018
MinimumVisualStudioVersion = 10.0.40219.1
Project("{9A19103F-16F7-4668-BE54-9A1E7A4F7556}") = "DutchTreat", "DutchTreat\DutchTreat.csproj", "{00CA4F3E-4C6D-4422-BE22-2CB668664A88}"
EndProject
Global
	GlobalSection(SolutionConfigurationPlatforms) = preSolution
		Debug|Any CPU = Debug|Any CPU
		Release|Any CPU = Release|Any CPU
	EndGlobalSection
	GlobalSection(ProjectConfigurationPlatforms) = postSolution
		{00CA4F3E-4C6D-4422-BE22-2CB668664A88}.Debug|Any CPU.ActiveCfg = Debug|Any CPU
		{00CA4F3E-4C6D-4422-BE22-2CB668664A88}.Debug|Any CPU.Build.0 = Debug|Any CPU
		{00CA4F3E-4C6D-4422-BE22-2CB668664A88}.Release|Any CPU.ActiveCfg = Release|Any CPU
		{00CA4F3E-4C6D-4422-BE22-2CB668664A88}.Release|Any CPU.Build.0 = Release|Any CPU
	EndGlobalSection
	GlobalSection(SolutionProperties) = preSolution
		HideSolutionNode = FALSE
	EndGlobalSection
	GlobalSection(ExtensibilityGlobals) = postSolution
		SolutionGuid = {D5C8D8F7-E2A8-4138-96C9-1AA1FEF70545}
	EndGlobalSection
EndGlobal
